
Microsoft Visual Studio Solution File, Format Version 12.00
# Visual Studio Version 17
VisualStudioVersion = 17.14.36414.22 d17.14
MinimumVisualStudioVersion = 10.0.40219.1
Project("{FAE04EC0-301F-11D3-BF4B-00C04F79EFBC}") = "Warcraft Library", "Warcraft Library\Warcraft Library.csproj", "{7C620117-F4A2-4730-B26F-CD189F072DC0}"
EndProject
Global
	GlobalSection(SolutionConfigurationPlatforms) = preSolution
		Debug|Any CPU = Debug|Any CPU
		Release|Any CPU = Release|Any CPU
	EndGlobalSection
	GlobalSection(ProjectConfigurationPlatforms) = postSolution
		{7C620117-F4A2-4730-B26F-CD189F072DC0}.Debug|Any CPU.ActiveCfg = Debug|Any CPU
		{7C620117-F4A2-4730-B26F-CD189F072DC0}.Debug|Any CPU.Build.0 = Debug|Any CPU
		{7C620117-F4A2-4730-B26F-CD189F072DC0}.Release|Any CPU.ActiveCfg = Release|Any CPU
		{7C620117-F4A2-4730-B26F-CD189F072DC0}.Release|Any CPU.Build.0 = Release|Any CPU
	EndGlobalSection
	GlobalSection(SolutionProperties) = preSolution
		HideSolutionNode = FALSE
	EndGlobalSection
	GlobalSection(ExtensibilityGlobals) = postSolution
		SolutionGuid = {7516F73B-C86D-4141-BAFD-44A2CC68E3D8}
	EndGlobalSection
EndGlobal
